
Microsoft Visual Studio Solution File, Format Version 12.00
# Visual Studio Version 16
VisualStudioVersion = 16.0.30320.27
MinimumVisualStudioVersion = 10.0.40219.1
Project("{FAE04EC0-301F-11D3-BF4B-00C04F79EFBC}") = "TrackIt", "TrackIt\TrackIt.csproj", "{8454EE73-5D22-4F37-8E37-D520AB7268EA}"
EndProject
Global
	GlobalSection(SolutionConfigurationPlatforms) = preSolution
		Debug|Any CPU = Debug|Any CPU
		Release|Any CPU = Release|Any CPU
	EndGlobalSection
	GlobalSection(ProjectConfigurationPlatforms) = postSolution
		{8454EE73-5D22-4F37-8E37-D520AB7268EA}.Debug|Any CPU.ActiveCfg = Debug|Any CPU
		{8454EE73-5D22-4F37-8E37-D520AB7268EA}.Debug|Any CPU.Build.0 = Debug|Any CPU
		{8454EE73-5D22-4F37-8E37-D520AB7268EA}.Release|Any CPU.ActiveCfg = Release|Any CPU
		{8454EE73-5D22-4F37-8E37-D520AB7268EA}.Release|Any CPU.Build.0 = Release|Any CPU
	EndGlobalSection
	GlobalSection(SolutionProperties) = preSolution
		HideSolutionNode = FALSE
	EndGlobalSection
	GlobalSection(ExtensibilityGlobals) = postSolution
		SolutionGuid = {ED017F32-530A-4FDB-9A39-3D0586C74BA6}
	EndGlobalSection
EndGlobal
